
Microsoft Visual Studio Solution File, Format Version 12.00
# Visual Studio 15
VisualStudioVersion = 15.0.27130.2010
MinimumVisualStudioVersion = 10.0.40219.1
Project("{FAE04EC0-301F-11D3-BF4B-00C04F79EFBC}") = "GreenSuperGreen", "GreenSuperGreen\GreenSuperGreen.csproj", "{31F7CF88-4A1A-499B-98BF-07D02615D7F5}"
EndProject
Project("{FAE04EC0-301F-11D3-BF4B-00C04F79EFBC}") = "GreenSuperGreen.Benchmarking", "GreenSuperGreen.Benchmarking\GreenSuperGreen.Benchmarking.csproj", "{21A80A70-E596-4B79-BB98-ECEE9EDED4E1}"
EndProject
Project("{FAE04EC0-301F-11D3-BF4B-00C04F79EFBC}") = "GreenSuperGreen.Test", "GreenSuperGreen.Test\GreenSuperGreen.Test.csproj", "{EA0365E5-6CD3-4E60-A0AF-16BE35B495EE}"
EndProject
Project("{2150E333-8FDC-42A3-9474-1A3956D46DE8}") = "Examples", "Examples", "{0E073002-86BD-46A6-98EC-68E7CFA76F9D}"
EndProject
Project("{2150E333-8FDC-42A3-9474-1A3956D46DE8}") = "Queues", "Queues", "{1037F9B2-6409-42A5-BA90-853F608A112D}"
EndProject
Project("{FAE04EC0-301F-11D3-BF4B-00C04F79EFBC}") = "ConcurrentPriorityQueues", "Examples\Queues\ConcurrentPriorityQueues\ConcurrentPriorityQueues.csproj", "{BDAAE856-5646-4629-8581-27D9C321BDC9}"
EndProject
Global
	GlobalSection(SolutionConfigurationPlatforms) = preSolution
		Debug|Any CPU = Debug|Any CPU
		Release|Any CPU = Release|Any CPU
	EndGlobalSection
	GlobalSection(ProjectConfigurationPlatforms) = postSolution
		{31F7CF88-4A1A-499B-98BF-07D02615D7F5}.Debug|Any CPU.ActiveCfg = Debug|Any CPU
		{31F7CF88-4A1A-499B-98BF-07D02615D7F5}.Debug|Any CPU.Build.0 = Debug|Any CPU
		{31F7CF88-4A1A-499B-98BF-07D02615D7F5}.Release|Any CPU.ActiveCfg = Release|Any CPU
		{31F7CF88-4A1A-499B-98BF-07D02615D7F5}.Release|Any CPU.Build.0 = Release|Any CPU
		{21A80A70-E596-4B79-BB98-ECEE9EDED4E1}.Debug|Any CPU.ActiveCfg = Debug|Any CPU
		{21A80A70-E596-4B79-BB98-ECEE9EDED4E1}.Debug|Any CPU.Build.0 = Debug|Any CPU
		{21A80A70-E596-4B79-BB98-ECEE9EDED4E1}.Release|Any CPU.ActiveCfg = Release|Any CPU
		{21A80A70-E596-4B79-BB98-ECEE9EDED4E1}.Release|Any CPU.Build.0 = Release|Any CPU
		{EA0365E5-6CD3-4E60-A0AF-16BE35B495EE}.Debug|Any CPU.ActiveCfg = Debug|Any CPU
		{EA0365E5-6CD3-4E60-A0AF-16BE35B495EE}.Debug|Any CPU.Build.0 = Debug|Any CPU
		{EA0365E5-6CD3-4E60-A0AF-16BE35B495EE}.Release|Any CPU.ActiveCfg = Release|Any CPU
		{EA0365E5-6CD3-4E60-A0AF-16BE35B495EE}.Release|Any CPU.Build.0 = Release|Any CPU
		{BDAAE856-5646-4629-8581-27D9C321BDC9}.Debug|Any CPU.ActiveCfg = Debug|Any CPU
		{BDAAE856-5646-4629-8581-27D9C321BDC9}.Debug|Any CPU.Build.0 = Debug|Any CPU
		{BDAAE856-5646-4629-8581-27D9C321BDC9}.Release|Any CPU.ActiveCfg = Release|Any CPU
		{BDAAE856-5646-4629-8581-27D9C321BDC9}.Release|Any CPU.Build.0 = Release|Any CPU
	EndGlobalSection
	GlobalSection(SolutionProperties) = preSolution
		HideSolutionNode = FALSE
	EndGlobalSection
	GlobalSection(NestedProjects) = preSolution
		{1037F9B2-6409-42A5-BA90-853F608A112D} = {0E073002-86BD-46A6-98EC-68E7CFA76F9D}
		{BDAAE856-5646-4629-8581-27D9C321BDC9} = {1037F9B2-6409-42A5-BA90-853F608A112D}
	EndGlobalSection
	GlobalSection(ExtensibilityGlobals) = postSolution
		SolutionGuid = {D462E7A6-0681-4AC8-8F89-20D03F33AD82}
	EndGlobalSection
EndGlobal
