
Microsoft Visual Studio Solution File, Format Version 12.00
# Visual Studio 15
VisualStudioVersion = 15.0.27130.2027
MinimumVisualStudioVersion = 10.0.40219.1
Project("{FAE04EC0-301F-11D3-BF4B-00C04F79EFBC}") = "GreenSuperGreen", "GreenSuperGreen\GreenSuperGreen.csproj", "{31F7CF88-4A1A-499B-98BF-07D02615D7F5}"
EndProject
Project("{FAE04EC0-301F-11D3-BF4B-00C04F79EFBC}") = "GreenSuperGreen.Benchmarking", "GreenSuperGreen.Benchmarking\GreenSuperGreen.Benchmarking.csproj", "{21A80A70-E596-4B79-BB98-ECEE9EDED4E1}"
EndProject
Project("{FAE04EC0-301F-11D3-BF4B-00C04F79EFBC}") = "GreenSuperGreen.Test", "GreenSuperGreen.Test\GreenSuperGreen.Test.csproj", "{EA0365E5-6CD3-4E60-A0AF-16BE35B495EE}"
EndProject
Project("{2150E333-8FDC-42A3-9474-1A3956D46DE8}") = "Examples", "Examples", "{0E073002-86BD-46A6-98EC-68E7CFA76F9D}"
EndProject
Project("{2150E333-8FDC-42A3-9474-1A3956D46DE8}") = "Queues", "Queues", "{1037F9B2-6409-42A5-BA90-853F608A112D}"
EndProject
Project("{2150E333-8FDC-42A3-9474-1A3956D46DE8}") = "Article", "Article", "{63715652-FD2A-44F6-B37E-7EE6FD3ECBDD}"
EndProject
Project("{9A19103F-16F7-4668-BE54-9A1E7A4F7556}") = "GreenSuperGreen.NetStandard", "GreenSuperGreen.NetStandard\GreenSuperGreen.NetStandard.csproj", "{881233EA-5B90-4FFF-BC28-F2D09DC42325}"
EndProject
Project("{9A19103F-16F7-4668-BE54-9A1E7A4F7556}") = "GreenSuperGreen.NetStandard.Test", "GreenSuperGreen.NetStandard.Test\GreenSuperGreen.NetStandard.Test.csproj", "{E2173E37-5948-41A3-8367-8290CA80520E}"
EndProject
Project("{FAE04EC0-301F-11D3-BF4B-00C04F79EFBC}") = "ConcurrentPriorityQueues.NetStandard", "Examples\Queues\ConcurrentPriorityQueues.NetStandard\ConcurrentPriorityQueues.NetStandard.csproj", "{D91748CC-290F-4DB8-9DBF-C815F3349EAA}"
EndProject
Project("{FAE04EC0-301F-11D3-BF4B-00C04F79EFBC}") = "AwaitableConcurrentPriorityQueues.NetStandard", "Examples\Queues\AwaitableConcurrentPriorityQueues.NetStandard\AwaitableConcurrentPriorityQueues.NetStandard.csproj", "{46642025-036A-43E3-A0B9-E323B4F02258}"
EndProject
Project("{9A19103F-16F7-4668-BE54-9A1E7A4F7556}") = "UnifiedConcurrency.SynchronizationPrimitives", "Examples\Article\UnifiedConcurrency.SynchronizationPrimitives\UnifiedConcurrency.SynchronizationPrimitives.csproj", "{78094E54-D8C2-4E4F-BDEF-C82663EB0864}"
EndProject
Global
	GlobalSection(SolutionConfigurationPlatforms) = preSolution
		Debug|Any CPU = Debug|Any CPU
		Release|Any CPU = Release|Any CPU
	EndGlobalSection
	GlobalSection(ProjectConfigurationPlatforms) = postSolution
		{31F7CF88-4A1A-499B-98BF-07D02615D7F5}.Debug|Any CPU.ActiveCfg = Debug|Any CPU
		{31F7CF88-4A1A-499B-98BF-07D02615D7F5}.Debug|Any CPU.Build.0 = Debug|Any CPU
		{31F7CF88-4A1A-499B-98BF-07D02615D7F5}.Release|Any CPU.ActiveCfg = Release|Any CPU
		{31F7CF88-4A1A-499B-98BF-07D02615D7F5}.Release|Any CPU.Build.0 = Release|Any CPU
		{21A80A70-E596-4B79-BB98-ECEE9EDED4E1}.Debug|Any CPU.ActiveCfg = Debug|Any CPU
		{21A80A70-E596-4B79-BB98-ECEE9EDED4E1}.Debug|Any CPU.Build.0 = Debug|Any CPU
		{21A80A70-E596-4B79-BB98-ECEE9EDED4E1}.Release|Any CPU.ActiveCfg = Release|Any CPU
		{21A80A70-E596-4B79-BB98-ECEE9EDED4E1}.Release|Any CPU.Build.0 = Release|Any CPU
		{EA0365E5-6CD3-4E60-A0AF-16BE35B495EE}.Debug|Any CPU.ActiveCfg = Debug|Any CPU
		{EA0365E5-6CD3-4E60-A0AF-16BE35B495EE}.Debug|Any CPU.Build.0 = Debug|Any CPU
		{EA0365E5-6CD3-4E60-A0AF-16BE35B495EE}.Release|Any CPU.ActiveCfg = Release|Any CPU
		{EA0365E5-6CD3-4E60-A0AF-16BE35B495EE}.Release|Any CPU.Build.0 = Release|Any CPU
		{881233EA-5B90-4FFF-BC28-F2D09DC42325}.Debug|Any CPU.ActiveCfg = Debug|Any CPU
		{881233EA-5B90-4FFF-BC28-F2D09DC42325}.Debug|Any CPU.Build.0 = Debug|Any CPU
		{881233EA-5B90-4FFF-BC28-F2D09DC42325}.Release|Any CPU.ActiveCfg = Release|Any CPU
		{881233EA-5B90-4FFF-BC28-F2D09DC42325}.Release|Any CPU.Build.0 = Release|Any CPU
		{E2173E37-5948-41A3-8367-8290CA80520E}.Debug|Any CPU.ActiveCfg = Debug|Any CPU
		{E2173E37-5948-41A3-8367-8290CA80520E}.Debug|Any CPU.Build.0 = Debug|Any CPU
		{E2173E37-5948-41A3-8367-8290CA80520E}.Release|Any CPU.ActiveCfg = Release|Any CPU
		{E2173E37-5948-41A3-8367-8290CA80520E}.Release|Any CPU.Build.0 = Release|Any CPU
		{D91748CC-290F-4DB8-9DBF-C815F3349EAA}.Debug|Any CPU.ActiveCfg = Debug|Any CPU
		{D91748CC-290F-4DB8-9DBF-C815F3349EAA}.Debug|Any CPU.Build.0 = Debug|Any CPU
		{D91748CC-290F-4DB8-9DBF-C815F3349EAA}.Release|Any CPU.ActiveCfg = Release|Any CPU
		{D91748CC-290F-4DB8-9DBF-C815F3349EAA}.Release|Any CPU.Build.0 = Release|Any CPU
		{46642025-036A-43E3-A0B9-E323B4F02258}.Debug|Any CPU.ActiveCfg = Debug|Any CPU
		{46642025-036A-43E3-A0B9-E323B4F02258}.Debug|Any CPU.Build.0 = Debug|Any CPU
		{46642025-036A-43E3-A0B9-E323B4F02258}.Release|Any CPU.ActiveCfg = Release|Any CPU
		{46642025-036A-43E3-A0B9-E323B4F02258}.Release|Any CPU.Build.0 = Release|Any CPU
		{78094E54-D8C2-4E4F-BDEF-C82663EB0864}.Debug|Any CPU.ActiveCfg = Debug|Any CPU
		{78094E54-D8C2-4E4F-BDEF-C82663EB0864}.Debug|Any CPU.Build.0 = Debug|Any CPU
		{78094E54-D8C2-4E4F-BDEF-C82663EB0864}.Release|Any CPU.ActiveCfg = Release|Any CPU
		{78094E54-D8C2-4E4F-BDEF-C82663EB0864}.Release|Any CPU.Build.0 = Release|Any CPU
	EndGlobalSection
	GlobalSection(SolutionProperties) = preSolution
		HideSolutionNode = FALSE
	EndGlobalSection
	GlobalSection(NestedProjects) = preSolution
		{1037F9B2-6409-42A5-BA90-853F608A112D} = {0E073002-86BD-46A6-98EC-68E7CFA76F9D}
		{63715652-FD2A-44F6-B37E-7EE6FD3ECBDD} = {0E073002-86BD-46A6-98EC-68E7CFA76F9D}
		{D91748CC-290F-4DB8-9DBF-C815F3349EAA} = {1037F9B2-6409-42A5-BA90-853F608A112D}
		{46642025-036A-43E3-A0B9-E323B4F02258} = {1037F9B2-6409-42A5-BA90-853F608A112D}
		{78094E54-D8C2-4E4F-BDEF-C82663EB0864} = {63715652-FD2A-44F6-B37E-7EE6FD3ECBDD}
	EndGlobalSection
	GlobalSection(ExtensibilityGlobals) = postSolution
		SolutionGuid = {D462E7A6-0681-4AC8-8F89-20D03F33AD82}
	EndGlobalSection
EndGlobal
